<Solution>
  <Folder Name="/src/">
    <Project Path="src/WorkPlanStudio.Api/WorkPlanStudio.Api.csproj" />
    <Project Path="src/WorkPlanStudio/WorkPlanStudio.csproj" />
    <Project Path="src/WorkPlanStudio.Contracts/WorkPlanStudio.Contracts.csproj" />
    <Project Path="src/WorkPlanStudio.Domain/WorkPlanStudio.Domain.csproj" />
    <Project Path="src/WorkPlanStudio.Persistence/WorkPlanStudio.Persistence.csproj" />
    <Project Path="src/WorkPlanStudio.PostgresMigrations/WorkPlanStudio.PostgresMigrations.csproj" />
    <Project Path="src/WorkPlanStudio.Scheduling/WorkPlanStudio.Scheduling.csproj" />
  </Folder>
  <Folder Name="/tests/">
    <Project Path="tests/WorkPlanStudio.Api.Tests/WorkPlanStudio.Api.Tests.csproj" />
    <Project Path="tests/WorkPlanStudio.Scheduling.Tests/WorkPlanStudio.Scheduling.Tests.csproj" />
    <Project Path="tests/WorkPlanStudio.Web.Tests/WorkPlanStudio.Web.Tests.csproj" />
    <Project Path="tests/WorkPlanStudio.E2E/WorkPlanStudio.E2E.csproj" />
    <Project Path="tests/WorkPlanStudio.Postgres.Tests/WorkPlanStudio.Postgres.Tests.csproj" />
    <Project Path="tests/WorkPlanStudio.ProductionE2E/WorkPlanStudio.ProductionE2E.csproj" />
  </Folder>
  <Folder Name="/tools/">
    <Project Path="tools/WorkPlanStudio.Scheduling.Scenarios/WorkPlanStudio.Scheduling.Scenarios.csproj" />
  </Folder>
</Solution>
